
Microsoft Visual Studio Solution File, Format Version 12.00
# Visual Studio Version 17
VisualStudioVersion = 17.0.31903.59
MinimumVisualStudioVersion = 10.0.40219.1
Project("{2150E333-8FDC-42A3-9474-1A3956D46DE8}") = "src", "src", "{827E0CD3-B72D-47B6-A68D-7590B98EB39B}"
EndProject
Project("{FAE04EC0-301F-11D3-BF4B-00C04F79EFBC}") = "SemiTool.Hmi.Wpf", "src\SemiTool.Hmi.Wpf\SemiTool.Hmi.Wpf.csproj", "{F6D62731-1B07-4E83-B712-03F16A8BFA93}"
EndProject
Project("{FAE04EC0-301F-11D3-BF4B-00C04F79EFBC}") = "SemiTool.Tests", "src\SemiTool.Tests\SemiTool.Tests.csproj", "{F16946B5-6975-4ADA-BF73-A37106D56846}"
EndProject
Project("{FAE04EC0-301F-11D3-BF4B-00C04F79EFBC}") = "SemiTool.Application", "src\SemiTool.Application\SemiTool.Application.csproj", "{5322DAFB-E22D-4B41-A203-069FBD0E848D}"
EndProject
Project("{FAE04EC0-301F-11D3-BF4B-00C04F79EFBC}") = "SemiTool.Domain", "src\SemiTool.Domain\SemiTool.Domain.csproj", "{5E8EAE67-1F12-4229-B241-EC4CBF8962F4}"
EndProject
Project("{FAE04EC0-301F-11D3-BF4B-00C04F79EFBC}") = "SemiTool.Hardware", "src\SemiTool.Hardware\SemiTool.Hardware.csproj", "{C5224B27-706F-4D1B-B916-A1F53433988B}"
EndProject
Project("{FAE04EC0-301F-11D3-BF4B-00C04F79EFBC}") = "SemiTool.Infrastructure", "src\SemiTool.Infrastructure\SemiTool.Infrastructure.csproj", "{344AA148-33C0-401D-B4CE-9F6DB0D6A5D3}"
EndProject
Global
	GlobalSection(SolutionConfigurationPlatforms) = preSolution
		Debug|Any CPU = Debug|Any CPU
		Debug|x64 = Debug|x64
		Debug|x86 = Debug|x86
		Release|Any CPU = Release|Any CPU
		Release|x64 = Release|x64
		Release|x86 = Release|x86
	EndGlobalSection
	GlobalSection(ProjectConfigurationPlatforms) = postSolution
		{F6D62731-1B07-4E83-B712-03F16A8BFA93}.Debug|Any CPU.ActiveCfg = Debug|Any CPU
		{F6D62731-1B07-4E83-B712-03F16A8BFA93}.Debug|Any CPU.Build.0 = Debug|Any CPU
		{F6D62731-1B07-4E83-B712-03F16A8BFA93}.Debug|x64.ActiveCfg = Debug|Any CPU
		{F6D62731-1B07-4E83-B712-03F16A8BFA93}.Debug|x64.Build.0 = Debug|Any CPU
		{F6D62731-1B07-4E83-B712-03F16A8BFA93}.Debug|x86.ActiveCfg = Debug|Any CPU
		{F6D62731-1B07-4E83-B712-03F16A8BFA93}.Debug|x86.Build.0 = Debug|Any CPU
		{F6D62731-1B07-4E83-B712-03F16A8BFA93}.Release|Any CPU.ActiveCfg = Release|Any CPU
		{F6D62731-1B07-4E83-B712-03F16A8BFA93}.Release|Any CPU.Build.0 = Release|Any CPU
		{F6D62731-1B07-4E83-B712-03F16A8BFA93}.Release|x64.ActiveCfg = Release|Any CPU
		{F6D62731-1B07-4E83-B712-03F16A8BFA93}.Release|x64.Build.0 = Release|Any CPU
		{F6D62731-1B07-4E83-B712-03F16A8BFA93}.Release|x86.ActiveCfg = Release|Any CPU
		{F6D62731-1B07-4E83-B712-03F16A8BFA93}.Release|x86.Build.0 = Release|Any CPU
		{F16946B5-6975-4ADA-BF73-A37106D56846}.Debug|Any CPU.ActiveCfg = Debug|Any CPU
		{F16946B5-6975-4ADA-BF73-A37106D56846}.Debug|Any CPU.Build.0 = Debug|Any CPU
		{F16946B5-6975-4ADA-BF73-A37106D56846}.Debug|x64.ActiveCfg = Debug|Any CPU
		{F16946B5-6975-4ADA-BF73-A37106D56846}.Debug|x64.Build.0 = Debug|Any CPU
		{F16946B5-6975-4ADA-BF73-A37106D56846}.Debug|x86.ActiveCfg = Debug|Any CPU
		{F16946B5-6975-4ADA-BF73-A37106D56846}.Debug|x86.Build.0 = Debug|Any CPU
		{F16946B5-6975-4ADA-BF73-A37106D56846}.Release|Any CPU.ActiveCfg = Release|Any CPU
		{F16946B5-6975-4ADA-BF73-A37106D56846}.Release|Any CPU.Build.0 = Release|Any CPU
		{F16946B5-6975-4ADA-BF73-A37106D56846}.Release|x64.ActiveCfg = Release|Any CPU
		{F16946B5-6975-4ADA-BF73-A37106D56846}.Release|x64.Build.0 = Release|Any CPU
		{F16946B5-6975-4ADA-BF73-A37106D56846}.Release|x86.ActiveCfg = Release|Any CPU
		{F16946B5-6975-4ADA-BF73-A37106D56846}.Release|x86.Build.0 = Release|Any CPU
		{5322DAFB-E22D-4B41-A203-069FBD0E848D}.Debug|Any CPU.ActiveCfg = Debug|Any CPU
		{5322DAFB-E22D-4B41-A203-069FBD0E848D}.Debug|Any CPU.Build.0 = Debug|Any CPU
		{5322DAFB-E22D-4B41-A203-069FBD0E848D}.Debug|x64.ActiveCfg = Debug|Any CPU
		{5322DAFB-E22D-4B41-A203-069FBD0E848D}.Debug|x64.Build.0 = Debug|Any CPU
		{5322DAFB-E22D-4B41-A203-069FBD0E848D}.Debug|x86.ActiveCfg = Debug|Any CPU
		{5322DAFB-E22D-4B41-A203-069FBD0E848D}.Debug|x86.Build.0 = Debug|Any CPU
		{5322DAFB-E22D-4B41-A203-069FBD0E848D}.Release|Any CPU.ActiveCfg = Release|Any CPU
		{5322DAFB-E22D-4B41-A203-069FBD0E848D}.Release|Any CPU.Build.0 = Release|Any CPU
		{5322DAFB-E22D-4B41-A203-069FBD0E848D}.Release|x64.ActiveCfg = Release|Any CPU
		{5322DAFB-E22D-4B41-A203-069FBD0E848D}.Release|x64.Build.0 = Release|Any CPU
		{5322DAFB-E22D-4B41-A203-069FBD0E848D}.Release|x86.ActiveCfg = Release|Any CPU
		{5322DAFB-E22D-4B41-A203-069FBD0E848D}.Release|x86.Build.0 = Release|Any CPU
		{5E8EAE67-1F12-4229-B241-EC4CBF8962F4}.Debug|Any CPU.ActiveCfg = Debug|Any CPU
		{5E8EAE67-1F12-4229-B241-EC4CBF8962F4}.Debug|Any CPU.Build.0 = Debug|Any CPU
		{5E8EAE67-1F12-4229-B241-EC4CBF8962F4}.Debug|x64.ActiveCfg = Debug|Any CPU
		{5E8EAE67-1F12-4229-B241-EC4CBF8962F4}.Debug|x64.Build.0 = Debug|Any CPU
		{5E8EAE67-1F12-4229-B241-EC4CBF8962F4}.Debug|x86.ActiveCfg = Debug|Any CPU
		{5E8EAE67-1F12-4229-B241-EC4CBF8962F4}.Debug|x86.Build.0 = Debug|Any CPU
		{5E8EAE67-1F12-4229-B241-EC4CBF8962F4}.Release|Any CPU.ActiveCfg = Release|Any CPU
		{5E8EAE67-1F12-4229-B241-EC4CBF8962F4}.Release|Any CPU.Build.0 = Release|Any CPU
		{5E8EAE67-1F12-4229-B241-EC4CBF8962F4}.Release|x64.ActiveCfg = Release|Any CPU
		{5E8EAE67-1F12-4229-B241-EC4CBF8962F4}.Release|x64.Build.0 = Release|Any CPU
		{5E8EAE67-1F12-4229-B241-EC4CBF8962F4}.Release|x86.ActiveCfg = Release|Any CPU
		{5E8EAE67-1F12-4229-B241-EC4CBF8962F4}.Release|x86.Build.0 = Release|Any CPU
		{C5224B27-706F-4D1B-B916-A1F53433988B}.Debug|Any CPU.ActiveCfg = Debug|Any CPU
		{C5224B27-706F-4D1B-B916-A1F53433988B}.Debug|Any CPU.Build.0 = Debug|Any CPU
		{C5224B27-706F-4D1B-B916-A1F53433988B}.Debug|x64.ActiveCfg = Debug|Any CPU
		{C5224B27-706F-4D1B-B916-A1F53433988B}.Debug|x64.Build.0 = Debug|Any CPU
		{C5224B27-706F-4D1B-B916-A1F53433988B}.Debug|x86.ActiveCfg = Debug|Any CPU
		{C5224B27-706F-4D1B-B916-A1F53433988B}.Debug|x86.Build.0 = Debug|Any CPU
		{C5224B27-706F-4D1B-B916-A1F53433988B}.Release|Any CPU.ActiveCfg = Release|Any CPU
		{C5224B27-706F-4D1B-B916-A1F53433988B}.Release|Any CPU.Build.0 = Release|Any CPU
		{C5224B27-706F-4D1B-B916-A1F53433988B}.Release|x64.ActiveCfg = Release|Any CPU
		{C5224B27-706F-4D1B-B916-A1F53433988B}.Release|x64.Build.0 = Release|Any CPU
		{C5224B27-706F-4D1B-B916-A1F53433988B}.Release|x86.ActiveCfg = Release|Any CPU
		{C5224B27-706F-4D1B-B916-A1F53433988B}.Release|x86.Build.0 = Release|Any CPU
		{344AA148-33C0-401D-B4CE-9F6DB0D6A5D3}.Debug|Any CPU.ActiveCfg = Debug|Any CPU
		{344AA148-33C0-401D-B4CE-9F6DB0D6A5D3}.Debug|Any CPU.Build.0 = Debug|Any CPU
		{344AA148-33C0-401D-B4CE-9F6DB0D6A5D3}.Debug|x64.ActiveCfg = Debug|Any CPU
		{344AA148-33C0-401D-B4CE-9F6DB0D6A5D3}.Debug|x64.Build.0 = Debug|Any CPU
		{344AA148-33C0-401D-B4CE-9F6DB0D6A5D3}.Debug|x86.ActiveCfg = Debug|Any CPU
		{344AA148-33C0-401D-B4CE-9F6DB0D6A5D3}.Debug|x86.Build.0 = Debug|Any CPU
		{344AA148-33C0-401D-B4CE-9F6DB0D6A5D3}.Release|Any CPU.ActiveCfg = Release|Any CPU
		{344AA148-33C0-401D-B4CE-9F6DB0D6A5D3}.Release|Any CPU.Build.0 = Release|Any CPU
		{344AA148-33C0-401D-B4CE-9F6DB0D6A5D3}.Release|x64.ActiveCfg = Release|Any CPU
		{344AA148-33C0-401D-B4CE-9F6DB0D6A5D3}.Release|x64.Build.0 = Release|Any CPU
		{344AA148-33C0-401D-B4CE-9F6DB0D6A5D3}.Release|x86.ActiveCfg = Release|Any CPU
		{344AA148-33C0-401D-B4CE-9F6DB0D6A5D3}.Release|x86.Build.0 = Release|Any CPU
	EndGlobalSection
	GlobalSection(SolutionProperties) = preSolution
		HideSolutionNode = FALSE
	EndGlobalSection
	GlobalSection(NestedProjects) = preSolution
		{F6D62731-1B07-4E83-B712-03F16A8BFA93} = {827E0CD3-B72D-47B6-A68D-7590B98EB39B}
		{F16946B5-6975-4ADA-BF73-A37106D56846} = {827E0CD3-B72D-47B6-A68D-7590B98EB39B}
		{5322DAFB-E22D-4B41-A203-069FBD0E848D} = {827E0CD3-B72D-47B6-A68D-7590B98EB39B}
		{5E8EAE67-1F12-4229-B241-EC4CBF8962F4} = {827E0CD3-B72D-47B6-A68D-7590B98EB39B}
		{C5224B27-706F-4D1B-B916-A1F53433988B} = {827E0CD3-B72D-47B6-A68D-7590B98EB39B}
		{344AA148-33C0-401D-B4CE-9F6DB0D6A5D3} = {827E0CD3-B72D-47B6-A68D-7590B98EB39B}
	EndGlobalSection
EndGlobal
